
Microsoft Visual Studio Solution File, Format Version 12.00
# Visual Studio Version 17
VisualStudioVersion = 17.2.32505.173
MinimumVisualStudioVersion = 10.0.40219.1
Project("{9A19103F-16F7-4668-BE54-9A1E7A4F7556}") = "TNT.ToolStripItemManager", "TNT.ToolStripItemManager\TNT.ToolStripItemManager.csproj", "{CA12BF19-8443-455C-940E-6DC0451B9A95}"
EndProject
Project("{9A19103F-16F7-4668-BE54-9A1E7A4F7556}") = "Example", "Example\Example.csproj", "{8FB0BF00-8FD3-46B0-8D12-639BB786D2A9}"
EndProject
Project("{FAE04EC0-301F-11D3-BF4B-00C04F79EFBC}") = "NUnitTests", "NUnitTests\NUnitTests.csproj", "{11DDABDD-2BE5-4795-B41F-5232304207A8}"
EndProject
Global
	GlobalSection(SolutionConfigurationPlatforms) = preSolution
		Debug|Any CPU = Debug|Any CPU
		Preview|Any CPU = Preview|Any CPU
		Release|Any CPU = Release|Any CPU
	EndGlobalSection
	GlobalSection(ProjectConfigurationPlatforms) = postSolution
		{CA12BF19-8443-455C-940E-6DC0451B9A95}.Debug|Any CPU.ActiveCfg = Debug|Any CPU
		{CA12BF19-8443-455C-940E-6DC0451B9A95}.Debug|Any CPU.Build.0 = Debug|Any CPU
		{CA12BF19-8443-455C-940E-6DC0451B9A95}.Preview|Any CPU.ActiveCfg = Preview|Any CPU
		{CA12BF19-8443-455C-940E-6DC0451B9A95}.Preview|Any CPU.Build.0 = Preview|Any CPU
		{CA12BF19-8443-455C-940E-6DC0451B9A95}.Release|Any CPU.ActiveCfg = Release|Any CPU
		{CA12BF19-8443-455C-940E-6DC0451B9A95}.Release|Any CPU.Build.0 = Release|Any CPU
		{8FB0BF00-8FD3-46B0-8D12-639BB786D2A9}.Debug|Any CPU.ActiveCfg = Debug|Any CPU
		{8FB0BF00-8FD3-46B0-8D12-639BB786D2A9}.Debug|Any CPU.Build.0 = Debug|Any CPU
		{8FB0BF00-8FD3-46B0-8D12-639BB786D2A9}.Preview|Any CPU.ActiveCfg = Preview|Any CPU
		{8FB0BF00-8FD3-46B0-8D12-639BB786D2A9}.Preview|Any CPU.Build.0 = Preview|Any CPU
		{8FB0BF00-8FD3-46B0-8D12-639BB786D2A9}.Release|Any CPU.ActiveCfg = Release|Any CPU
		{8FB0BF00-8FD3-46B0-8D12-639BB786D2A9}.Release|Any CPU.Build.0 = Release|Any CPU
		{11DDABDD-2BE5-4795-B41F-5232304207A8}.Debug|Any CPU.ActiveCfg = Debug|Any CPU
		{11DDABDD-2BE5-4795-B41F-5232304207A8}.Debug|Any CPU.Build.0 = Debug|Any CPU
		{11DDABDD-2BE5-4795-B41F-5232304207A8}.Preview|Any CPU.ActiveCfg = Release|Any CPU
		{11DDABDD-2BE5-4795-B41F-5232304207A8}.Preview|Any CPU.Build.0 = Release|Any CPU
		{11DDABDD-2BE5-4795-B41F-5232304207A8}.Release|Any CPU.ActiveCfg = Release|Any CPU
		{11DDABDD-2BE5-4795-B41F-5232304207A8}.Release|Any CPU.Build.0 = Release|Any CPU
	EndGlobalSection
	GlobalSection(SolutionProperties) = preSolution
		HideSolutionNode = FALSE
	EndGlobalSection
	GlobalSection(ExtensibilityGlobals) = postSolution
		SolutionGuid = {74082C1C-2500-4718-99F3-0DFED4E95465}
	EndGlobalSection
EndGlobal
